// !$*UTF8*$!
{
	archiveVersion = 1;
	classes = {
	};
	objectVersion = 55;
	objects = {

/* Begin PBXBuildFile section */
		86D467AC2808962C0063873F /* SecondViewController.swift in Sources */ = {isa = PBXBuildFile; fileRef = 86D467AB2808962C0063873F /* SecondViewController.swift */; };
		C1C99AF528083B500028F02F /* AppDelegate.swift in Sources */ = {isa = PBXBuildFile; fileRef = C1C99AF428083B500028F02F /* AppDelegate.swift */; };
		C1C99AF728083B500028F02F /* SceneDelegate.swift in Sources */ = {isa = PBXBuildFile; fileRef = C1C99AF628083B500028F02F /* SceneDelegate.swift */; };
		C1C99AF928083B500028F02F /* FirstViewController.swift in Sources */ = {isa = PBXBuildFile; fileRef = C1C99AF828083B500028F02F /* FirstViewController.swift */; };
		C1C99AFC28083B500028F02F /* Main.storyboard in Resources */ = {isa = PBXBuildFile; fileRef = C1C99AFA28083B500028F02F /* Main.storyboard */; };
		C1C99AFE28083B530028F02F /* Assets.xcassets in Resources */ = {isa = PBXBuildFile; fileRef = C1C99AFD28083B530028F02F /* Assets.xcassets */; };
		C1C99B0128083B530028F02F /* LaunchScreen.storyboard in Resources */ = {isa = PBXBuildFile; fileRef = C1C99AFF28083B530028F02F /* LaunchScreen.storyboard */; };
		C1C99B0928083B700028F02F /* NetworkManager.swift in Sources */ = {isa = PBXBuildFile; fileRef = C1C99B0828083B700028F02F /* NetworkManager.swift */; };
		C1C99B0B28083E3E0028F02F /* ViewModel.swift in Sources */ = {isa = PBXBuildFile; fileRef = C1C99B0A28083E3E0028F02F /* ViewModel.swift */; };
		C1C99B0D280843700028F02F /* ImageView.swift in Sources */ = {isa = PBXBuildFile; fileRef = C1C99B0C280843700028F02F /* ImageView.swift */; };
		C1C99B0F280844D90028F02F /* TableViewCell.swift in Sources */ = {isa = PBXBuildFile; fileRef = C1C99B0E280844D90028F02F /* TableViewCell.swift */; };
		C1C99B2B28095A020028F02F /* SecondViewModel.swift in Sources */ = {isa = PBXBuildFile; fileRef = C1C99B2A28095A020028F02F /* SecondViewModel.swift */; };
		C1C99B31280961740028F02F /* CacheManager.swift in Sources */ = {isa = PBXBuildFile; fileRef = C1C99B30280961740028F02F /* CacheManager.swift */; };
/* End PBXBuildFile section */

/* Begin PBXFileReference section */
		86D467AB2808962C0063873F /* SecondViewController.swift */ = {isa = PBXFileReference; lastKnownFileType = sourcecode.swift; path = SecondViewController.swift; sourceTree = "<group>"; };
		C1C99AF128083B500028F02F /* RickMorty.app */ = {isa = PBXFileReference; explicitFileType = wrapper.application; includeInIndex = 0; path = RickMorty.app; sourceTree = BUILT_PRODUCTS_DIR; };
		C1C99AF428083B500028F02F /* AppDelegate.swift */ = {isa = PBXFileReference; lastKnownFileType = sourcecode.swift; path = AppDelegate.swift; sourceTree = "<group>"; };
		C1C99AF628083B500028F02F /* SceneDelegate.swift */ = {isa = PBXFileReference; lastKnownFileType = sourcecode.swift; path = SceneDelegate.swift; sourceTree = "<group>"; };
		C1C99AF828083B500028F02F /* FirstViewController.swift */ = {isa = PBXFileReference; lastKnownFileType = sourcecode.swift; path = FirstViewController.swift; sourceTree = "<group>"; };
		C1C99AFB28083B500028F02F /* Base */ = {isa = PBXFileReference; lastKnownFileType = file.storyboard; name = Base; path = Base.lproj/Main.storyboard; sourceTree = "<group>"; };
		C1C99AFD28083B530028F02F /* Assets.xcassets */ = {isa = PBXFileReference; lastKnownFileType = folder.assetcatalog; path = Assets.xcassets; sourceTree = "<group>"; };
		C1C99B0028083B530028F02F /* Base */ = {isa = PBXFileReference; lastKnownFileType = file.storyboard; name = Base; path = Base.lproj/LaunchScreen.storyboard; sourceTree = "<group>"; };
		C1C99B0228083B530028F02F /* Info.plist */ = {isa = PBXFileReference; lastKnownFileType = text.plist.xml; path = Info.plist; sourceTree = "<group>"; };
		C1C99B0828083B700028F02F /* NetworkManager.swift */ = {isa = PBXFileReference; lastKnownFileType = sourcecode.swift; path = NetworkManager.swift; sourceTree = "<group>"; };
		C1C99B0A28083E3E0028F02F /* ViewModel.swift */ = {isa = PBXFileReference; lastKnownFileType = sourcecode.swift; path = ViewModel.swift; sourceTree = "<group>"; };
		C1C99B0C280843700028F02F /* ImageView.swift */ = {isa = PBXFileReference; lastKnownFileType = sourcecode.swift; path = ImageView.swift; sourceTree = "<group>"; };
		C1C99B0E280844D90028F02F /* TableViewCell.swift */ = {isa = PBXFileReference; lastKnownFileType = sourcecode.swift; path = TableViewCell.swift; sourceTree = "<group>"; };
		C1C99B2A28095A020028F02F /* SecondViewModel.swift */ = {isa = PBXFileReference; lastKnownFileType = sourcecode.swift; path = SecondViewModel.swift; sourceTree = "<group>"; };
		C1C99B30280961740028F02F /* CacheManager.swift */ = {isa = PBXFileReference; lastKnownFileType = sourcecode.swift; path = CacheManager.swift; sourceTree = "<group>"; };
/* End PBXFileReference section */

/* Begin PBXFrameworksBuildPhase section */
		C1C99AEE28083B500028F02F /* Frameworks */ = {
			isa = PBXFrameworksBuildPhase;
			buildActionMask = 2147483647;
			files = (
			);
			runOnlyForDeploymentPostprocessing = 0;
		};
/* End PBXFrameworksBuildPhase section */

/* Begin PBXGroup section */
		C1C99AE828083B500028F02F = {
			isa = PBXGroup;
			children = (
				C1C99AF328083B500028F02F /* RickMorty */,
				C1C99AF228083B500028F02F /* Products */,
			);
			sourceTree = "<group>";
		};
		C1C99AF228083B500028F02F /* Products */ = {
			isa = PBXGroup;
			children = (
				C1C99AF128083B500028F02F /* RickMorty.app */,
			);
			name = Products;
			sourceTree = "<group>";
		};
		C1C99AF328083B500028F02F /* RickMorty */ = {
			isa = PBXGroup;
			children = (
				C1C99B2C28095B670028F02F /* Managers */,
				C1C99B2E28095B860028F02F /* Views */,
				C1C99B2D28095B740028F02F /* First */,
				C1C99B2F28095B940028F02F /* Second */,
				C1C99AF428083B500028F02F /* AppDelegate.swift */,
				C1C99AF628083B500028F02F /* SceneDelegate.swift */,
				C1C99AFA28083B500028F02F /* Main.storyboard */,
				C1C99AFD28083B530028F02F /* Assets.xcassets */,
				C1C99AFF28083B530028F02F /* LaunchScreen.storyboard */,
				C1C99B0228083B530028F02F /* Info.plist */,
			);
			path = RickMorty;
			sourceTree = "<group>";
		};
		C1C99B2C28095B670028F02F /* Managers */ = {
			isa = PBXGroup;
			children = (
				C1C99B0828083B700028F02F /* NetworkManager.swift */,
				C1C99B30280961740028F02F /* CacheManager.swift */,
			);
			path = Managers;
			sourceTree = "<group>";
		};
		C1C99B2D28095B740028F02F /* First */ = {
			isa = PBXGroup;
			children = (
				C1C99B0A28083E3E0028F02F /* ViewModel.swift */,
				C1C99AF828083B500028F02F /* FirstViewController.swift */,
			);
			path = First;
			sourceTree = "<group>";
		};
		C1C99B2E28095B860028F02F /* Views */ = {
			isa = PBXGroup;
			children = (
				C1C99B0C280843700028F02F /* ImageView.swift */,
				C1C99B0E280844D90028F02F /* TableViewCell.swift */,
			);
			path = Views;
			sourceTree = "<group>";
		};
		C1C99B2F28095B940028F02F /* Second */ = {
			isa = PBXGroup;
			children = (
				86D467AB2808962C0063873F /* SecondViewController.swift */,
				C1C99B2A28095A020028F02F /* SecondViewModel.swift */,
			);
			path = Second;
			sourceTree = "<group>";
		};
/* End PBXGroup section */

/* Begin PBXNativeTarget section */
		C1C99AF028083B500028F02F /* RickMorty */ = {
			isa = PBXNativeTarget;
			buildConfigurationList = C1C99B0528083B530028F02F /* Build configuration list for PBXNativeTarget "RickMorty" */;
			buildPhases = (
				C1C99AED28083B500028F02F /* Sources */,
				C1C99AEE28083B500028F02F /* Frameworks */,
				C1C99AEF28083B500028F02F /* Resources */,
			);
			buildRules = (
			);
			dependencies = (
			);
			name = RickMorty;
			productName = RickMorty;
			productReference = C1C99AF128083B500028F02F /* RickMorty.app */;
			productType = "com.apple.product-type.application";
		};
/* End PBXNativeTarget section */

/* Begin PBXProject section */
		C1C99AE928083B500028F02F /* Project object */ = {
			isa = PBXProject;
			attributes = {
				BuildIndependentTargetsInParallel = 1;
				LastSwiftUpdateCheck = 1310;
				LastUpgradeCheck = 1310;
				TargetAttributes = {
					C1C99AF028083B500028F02F = {
						CreatedOnToolsVersion = 13.1;
					};
				};
			};
			buildConfigurationList = C1C99AEC28083B500028F02F /* Build configuration list for PBXProject "RickMorty" */;
			compatibilityVersion = "Xcode 13.0";
			developmentRegion = en;
			hasScannedForEncodings = 0;
			knownRegions = (
				en,
				Base,
			);
			mainGroup = C1C99AE828083B500028F02F;
			productRefGroup = C1C99AF228083B500028F02F /* Products */;
			projectDirPath = "";
			projectRoot = "";
			targets = (
				C1C99AF028083B500028F02F /* RickMorty */,
			);
		};
/* End PBXProject section */

/* Begin PBXResourcesBuildPhase section */
		C1C99AEF28083B500028F02F /* Resources */ = {
			isa = PBXResourcesBuildPhase;
			buildActionMask = 2147483647;
			files = (
				C1C99B0128083B530028F02F /* LaunchScreen.storyboard in Resources */,
				C1C99AFE28083B530028F02F /* Assets.xcassets in Resources */,
				C1C99AFC28083B500028F02F /* Main.storyboard in Resources */,
			);
			runOnlyForDeploymentPostprocessing = 0;
		};
/* End PBXResourcesBuildPhase section */

/* Begin PBXSourcesBuildPhase section */
		C1C99AED28083B500028F02F /* Sources */ = {
			isa = PBXSourcesBuildPhase;
			buildActionMask = 2147483647;
			files = (
				86D467AC2808962C0063873F /* SecondViewController.swift in Sources */,
				C1C99B2B28095A020028F02F /* SecondViewModel.swift in Sources */,
				C1C99B0D280843700028F02F /* ImageView.swift in Sources */,
				C1C99B0B28083E3E0028F02F /* ViewModel.swift in Sources */,
				C1C99B0928083B700028F02F /* NetworkManager.swift in Sources */,
				C1C99AF928083B500028F02F /* FirstViewController.swift in Sources */,
				C1C99B31280961740028F02F /* CacheManager.swift in Sources */,
				C1C99AF528083B500028F02F /* AppDelegate.swift in Sources */,
				C1C99B0F280844D90028F02F /* TableViewCell.swift in Sources */,
				C1C99AF728083B500028F02F /* SceneDelegate.swift in Sources */,
			);
			runOnlyForDeploymentPostprocessing = 0;
		};
/* End PBXSourcesBuildPhase section */

/* Begin PBXVariantGroup section */
		C1C99AFA28083B500028F02F /* Main.storyboard */ = {
			isa = PBXVariantGroup;
			children = (
				C1C99AFB28083B500028F02F /* Base */,
			);
			name = Main.storyboard;
			sourceTree = "<group>";
		};
		C1C99AFF28083B530028F02F /* LaunchScreen.storyboard */ = {
			isa = PBXVariantGroup;
			children = (
				C1C99B0028083B530028F02F /* Base */,
			);
			name = LaunchScreen.storyboard;
			sourceTree = "<group>";
		};
/* End PBXVariantGroup section */

/* Begin XCBuildConfiguration section */
		C1C99B0328083B530028F02F /* Debug */ = {
			isa = XCBuildConfiguration;
			buildSettings = {
				ALWAYS_SEARCH_USER_PATHS = NO;
				CLANG_ANALYZER_NONNULL = YES;
				CLANG_ANALYZER_NUMBER_OBJECT_CONVERSION = YES_AGGRESSIVE;
				CLANG_CXX_LANGUAGE_STANDARD = "gnu++17";
				CLANG_CXX_LIBRARY = "libc++";
				CLANG_ENABLE_MODULES = YES;
				CLANG_ENABLE_OBJC_ARC = YES;
				CLANG_ENABLE_OBJC_WEAK = YES;
				CLANG_WARN_BLOCK_CAPTURE_AUTORELEASING = YES;
				CLANG_WARN_BOOL_CONVERSION = YES;
				CLANG_WARN_COMMA = YES;
				CLANG_WARN_CONSTANT_CONVERSION = YES;
				CLANG_WARN_DEPRECATED_OBJC_IMPLEMENTATIONS = YES;
				CLANG_WARN_DIRECT_OBJC_ISA_USAGE = YES_ERROR;
				CLANG_WARN_DOCUMENTATION_COMMENTS = YES;
				CLANG_WARN_EMPTY_BODY = YES;
				CLANG_WARN_ENUM_CONVERSION = YES;
				CLANG_WARN_INFINITE_RECURSION = YES;
				CLANG_WARN_INT_CONVERSION = YES;
				CLANG_WARN_NON_LITERAL_NULL_CONVERSION = YES;
				CLANG_WARN_OBJC_IMPLICIT_RETAIN_SELF = YES;
				CLANG_WARN_OBJC_LITERAL_CONVERSION = YES;
				CLANG_WARN_OBJC_ROOT_CLASS = YES_ERROR;
				CLANG_WARN_QUOTED_INCLUDE_IN_FRAMEWORK_HEADER = YES;
				CLANG_WARN_RANGE_LOOP_ANALYSIS = YES;
				CLANG_WARN_STRICT_PROTOTYPES = YES;
				CLANG_WARN_SUSPICIOUS_MOVE = YES;
				CLANG_WARN_UNGUARDED_AVAILABILITY = YES_AGGRESSIVE;
				CLANG_WARN_UNREACHABLE_CODE = YES;
				CLANG_WARN__DUPLICATE_METHOD_MATCH = YES;
				COPY_PHASE_STRIP = NO;
				DEBUG_INFORMATION_FORMAT = dwarf;
				ENABLE_STRICT_OBJC_MSGSEND = YES;
				ENABLE_TESTABILITY = YES;
				GCC_C_LANGUAGE_STANDARD = gnu11;
				GCC_DYNAMIC_NO_PIC = NO;
				GCC_NO_COMMON_BLOCKS = YES;
				GCC_OPTIMIZATION_LEVEL = 0;
				GCC_PREPROCESSOR_DEFINITIONS = (
					"DEBUG=1",
					"$(inherited)",
				);
				GCC_WARN_64_TO_32_BIT_CONVERSION = YES;
				GCC_WARN_ABOUT_RETURN_TYPE = YES_ERROR;
				GCC_WARN_UNDECLARED_SELECTOR = YES;
				GCC_WARN_UNINITIALIZED_AUTOS = YES_AGGRESSIVE;
				GCC_WARN_UNUSED_FUNCTION = YES;
				GCC_WARN_UNUSED_VARIABLE = YES;
				IPHONEOS_DEPLOYMENT_TARGET = 15.0;
				MTL_ENABLE_DEBUG_INFO = INCLUDE_SOURCE;
				MTL_FAST_MATH = YES;
				ONLY_ACTIVE_ARCH = YES;
				SDKROOT = iphoneos;
				SWIFT_ACTIVE_COMPILATION_CONDITIONS = DEBUG;
				SWIFT_OPTIMIZATION_LEVEL = "-Onone";
			};
			name = Debug;
		};
		C1C99B0428083B530028F02F /* Release */ = {
			isa = XCBuildConfiguration;
			buildSettings = {
				ALWAYS_SEARCH_USER_PATHS = NO;
				CLANG_ANALYZER_NONNULL = YES;
				CLANG_ANALYZER_NUMBER_OBJECT_CONVERSION = YES_AGGRESSIVE;
				CLANG_CXX_LANGUAGE_STANDARD = "gnu++17";
				CLANG_CXX_LIBRARY = "libc++";
				CLANG_ENABLE_MODULES = YES;
				CLANG_ENABLE_OBJC_ARC = YES;
				CLANG_ENABLE_OBJC_WEAK = YES;
				CLANG_WARN_BLOCK_CAPTURE_AUTORELEASING = YES;
				CLANG_WARN_BOOL_CONVERSION = YES;
				CLANG_WARN_COMMA = YES;
				CLANG_WARN_CONSTANT_CONVERSION = YES;
				CLANG_WARN_DEPRECATED_OBJC_IMPLEMENTATIONS = YES;
				CLANG_WARN_DIRECT_OBJC_ISA_USAGE = YES_ERROR;
				CLANG_WARN_DOCUMENTATION_COMMENTS = YES;
				CLANG_WARN_EMPTY_BODY = YES;
				CLANG_WARN_ENUM_CONVERSION = YES;
				CLANG_WARN_INFINITE_RECURSION = YES;
				CLANG_WARN_INT_CONVERSION = YES;
				CLANG_WARN_NON_LITERAL_NULL_CONVERSION = YES;
				CLANG_WARN_OBJC_IMPLICIT_RETAIN_SELF = YES;
				CLANG_WARN_OBJC_LITERAL_CONVERSION = YES;
				CLANG_WARN_OBJC_ROOT_CLASS = YES_ERROR;
				CLANG_WARN_QUOTED_INCLUDE_IN_FRAMEWORK_HEADER = YES;
				CLANG_WARN_RANGE_LOOP_ANALYSIS = YES;
				CLANG_WARN_STRICT_PROTOTYPES = YES;
				CLANG_WARN_SUSPICIOUS_MOVE = YES;
				CLANG_WARN_UNGUARDED_AVAILABILITY = YES_AGGRESSIVE;
				CLANG_WARN_UNREACHABLE_CODE = YES;
				CLANG_WARN__DUPLICATE_METHOD_MATCH = YES;
				COPY_PHASE_STRIP = NO;
				DEBUG_INFORMATION_FORMAT = "dwarf-with-dsym";
				ENABLE_NS_ASSERTIONS = NO;
				ENABLE_STRICT_OBJC_MSGSEND = YES;
				GCC_C_LANGUAGE_STANDARD = gnu11;
				GCC_NO_COMMON_BLOCKS = YES;
				GCC_WARN_64_TO_32_BIT_CONVERSION = YES;
				GCC_WARN_ABOUT_RETURN_TYPE = YES_ERROR;
				GCC_WARN_UNDECLARED_SELECTOR = YES;
				GCC_WARN_UNINITIALIZED_AUTOS = YES_AGGRESSIVE;
				GCC_WARN_UNUSED_FUNCTION = YES;
				GCC_WARN_UNUSED_VARIABLE = YES;
				IPHONEOS_DEPLOYMENT_TARGET = 15.0;
				MTL_ENABLE_DEBUG_INFO = NO;
				MTL_FAST_MATH = YES;
				SDKROOT = iphoneos;
				SWIFT_COMPILATION_MODE = wholemodule;
				SWIFT_OPTIMIZATION_LEVEL = "-O";
				VALIDATE_PRODUCT = YES;
			};
			name = Release;
		};
		C1C99B0628083B530028F02F /* Debug */ = {
			isa = XCBuildConfiguration;
			buildSettings = {
				ASSETCATALOG_COMPILER_APPICON_NAME = AppIcon;
				ASSETCATALOG_COMPILER_GLOBAL_ACCENT_COLOR_NAME = AccentColor;
				CODE_SIGN_STYLE = Automatic;
				CURRENT_PROJECT_VERSION = 1;
				GENERATE_INFOPLIST_FILE = YES;
				INFOPLIST_FILE = RickMorty/Info.plist;
				INFOPLIST_KEY_UIApplicationSupportsIndirectInputEvents = YES;
				INFOPLIST_KEY_UILaunchStoryboardName = LaunchScreen;
				INFOPLIST_KEY_UIMainStoryboardFile = Main;
				INFOPLIST_KEY_UISupportedInterfaceOrientations_iPad = "UIInterfaceOrientationPortrait UIInterfaceOrientationPortraitUpsideDown UIInterfaceOrientationLandscapeLeft UIInterfaceOrientationLandscapeRight";
				INFOPLIST_KEY_UISupportedInterfaceOrientations_iPhone = "UIInterfaceOrientationPortrait UIInterfaceOrientationLandscapeLeft UIInterfaceOrientationLandscapeRight";
				LD_RUNPATH_SEARCH_PATHS = (
					"$(inherited)",
					"@executable_path/Frameworks",
				);
				MARKETING_VERSION = 1.0;
				PRODUCT_BUNDLE_IDENTIFIER = com.nodirbek.RickMorty;
				PRODUCT_NAME = "$(TARGET_NAME)";
				SWIFT_EMIT_LOC_STRINGS = YES;
				SWIFT_VERSION = 5.0;
				TARGETED_DEVICE_FAMILY = "1,2";
			};
			name = Debug;
		};
		C1C99B0728083B530028F02F /* Release */ = {
			isa = XCBuildConfiguration;
			buildSettings = {
				ASSETCATALOG_COMPILER_APPICON_NAME = AppIcon;
				ASSETCATALOG_COMPILER_GLOBAL_ACCENT_COLOR_NAME = AccentColor;
				CODE_SIGN_STYLE = Automatic;
				CURRENT_PROJECT_VERSION = 1;
				GENERATE_INFOPLIST_FILE = YES;
				INFOPLIST_FILE = RickMorty/Info.plist;
				INFOPLIST_KEY_UIApplicationSupportsIndirectInputEvents = YES;
				INFOPLIST_KEY_UILaunchStoryboardName = LaunchScreen;
				INFOPLIST_KEY_UIMainStoryboardFile = Main;
				INFOPLIST_KEY_UISupportedInterfaceOrientations_iPad = "UIInterfaceOrientationPortrait UIInterfaceOrientationPortraitUpsideDown UIInterfaceOrientationLandscapeLeft UIInterfaceOrientationLandscapeRight";
				INFOPLIST_KEY_UISupportedInterfaceOrientations_iPhone = "UIInterfaceOrientationPortrait UIInterfaceOrientationLandscapeLeft UIInterfaceOrientationLandscapeRight";
				LD_RUNPATH_SEARCH_PATHS = (
					"$(inherited)",
					"@executable_path/Frameworks",
				);
				MARKETING_VERSION = 1.0;
				PRODUCT_BUNDLE_IDENTIFIER = com.nodirbek.RickMorty;
				PRODUCT_NAME = "$(TARGET_NAME)";
				SWIFT_EMIT_LOC_STRINGS = YES;
				SWIFT_VERSION = 5.0;
				TARGETED_DEVICE_FAMILY = "1,2";
			};
			name = Release;
		};
/* End XCBuildConfiguration section */

/* Begin XCConfigurationList section */
		C1C99AEC28083B500028F02F /* Build configuration list for PBXProject "RickMorty" */ = {
			isa = XCConfigurationList;
			buildConfigurations = (
				C1C99B0328083B530028F02F /* Debug */,
				C1C99B0428083B530028F02F /* Release */,
			);
			defaultConfigurationIsVisible = 0;
			defaultConfigurationName = Release;
		};
		C1C99B0528083B530028F02F /* Build configuration list for PBXNativeTarget "RickMorty" */ = {
			isa = XCConfigurationList;
			buildConfigurations = (
				C1C99B0628083B530028F02F /* Debug */,
				C1C99B0728083B530028F02F /* Release */,
			);
			defaultConfigurationIsVisible = 0;
			defaultConfigurationName = Release;
		};
/* End XCConfigurationList section */
	};
	rootObject = C1C99AE928083B500028F02F /* Project object */;
}
